// !$*UTF8*$!
{
	archiveVersion = 1;
	classes = {
	};
	objectVersion = 77;
	objects = {

/* Begin PBXContainerItemProxy section */
		22CBE3F82D7A783E0057637D /* PBXContainerItemProxy */ = {
			isa = PBXContainerItemProxy;
			containerPortal = 22CBE3DA2D7A783C0057637D /* Project object */;
			proxyType = 1;
			remoteGlobalIDString = 22CBE3E12D7A783C0057637D;
			remoteInfo = FitFlow;
		};
		22CBE4022D7A783E0057637D /* PBXContainerItemProxy */ = {
			isa = PBXContainerItemProxy;
			containerPortal = 22CBE3DA2D7A783C0057637D /* Project object */;
			proxyType = 1;
			remoteGlobalIDString = 22CBE3E12D7A783C0057637D;
			remoteInfo = FitFlow;
		};
/* End PBXContainerItemProxy section */

/* Begin PBXFileReference section */
		22CBE3E22D7A783C0057637D /* FitFlow.app */ = {isa = PBXFileReference; explicitFileType = wrapper.application; includeInIndex = 0; path = FitFlow.app; sourceTree = BUILT_PRODUCTS_DIR; };
		22CBE3F72D7A783E0057637D /* FitFlowTests.xctest */ = {isa = PBXFileReference; explicitFileType = wrapper.cfbundle; includeInIndex = 0; path = FitFlowTests.xctest; sourceTree = BUILT_PRODUCTS_DIR; };
		22CBE4012D7A783E0057637D /* FitFlowUITests.xctest */ = {isa = PBXFileReference; explicitFileType = wrapper.cfbundle; includeInIndex = 0; path = FitFlowUITests.xctest; sourceTree = BUILT_PRODUCTS_DIR; };
/* End PBXFileReference section */

/* Begin PBXFileSystemSynchronizedBuildFileExceptionSet section */
		22324CD52D7D0B35008A3FCF /* Exceptions for "FitFlow" folder in "FitFlow" target */ = {
			isa = PBXFileSystemSynchronizedBuildFileExceptionSet;
			membershipExceptions = (
				Info.plist,
			);
			target = 22CBE3E12D7A783C0057637D /* FitFlow */;
		};
/* End PBXFileSystemSynchronizedBuildFileExceptionSet section */

/* Begin PBXFileSystemSynchronizedRootGroup section */
		22CBE3E42D7A783C0057637D /* FitFlow */ = {
			isa = PBXFileSystemSynchronizedRootGroup;
			exceptions = (
				22324CD52D7D0B35008A3FCF /* Exceptions for "FitFlow" folder in "FitFlow" target */,
			);
			path = FitFlow;
			sourceTree = "<group>";
		};
		22CBE3FA2D7A783E0057637D /* FitFlowTests */ = {
			isa = PBXFileSystemSynchronizedRootGroup;
			path = FitFlowTests;
			sourceTree = "<group>";
		};
		22CBE4042D7A783E0057637D /* FitFlowUITests */ = {
			isa = PBXFileSystemSynchronizedRootGroup;
			path = FitFlowUITests;
			sourceTree = "<group>";
		};
		22CBE4142D7A788F0057637D /* Data */ = {
			isa = PBXFileSystemSynchronizedRootGroup;
			path = Data;
			sourceTree = "<group>";
		};
		22CBE4152D7A78950057637D /* Models */ = {
			isa = PBXFileSystemSynchronizedRootGroup;
			path = Models;
			sourceTree = "<group>";
		};
		22CBE41A2D7A78AA0057637D /* ViewModels */ = {
			isa = PBXFileSystemSynchronizedRootGroup;
			path = ViewModels;
			sourceTree = "<group>";
		};
		22CBE41C2D7A78B50057637D /* Views */ = {
			isa = PBXFileSystemSynchronizedRootGroup;
			path = Views;
			sourceTree = "<group>";
		};
		22CBE41D2D7A78B90057637D /* Health */ = {
			isa = PBXFileSystemSynchronizedRootGroup;
			path = Health;
			sourceTree = "<group>";
		};
		22CBE41E2D7A78BD0057637D /* Helpers */ = {
			isa = PBXFileSystemSynchronizedRootGroup;
			path = Helpers;
			sourceTree = "<group>";
		};
/* End PBXFileSystemSynchronizedRootGroup section */

/* Begin PBXFrameworksBuildPhase section */
		22CBE3DF2D7A783C0057637D /* Frameworks */ = {
			isa = PBXFrameworksBuildPhase;
			buildActionMask = 2147483647;
			files = (
			);
			runOnlyForDeploymentPostprocessing = 0;
		};
		22CBE3F42D7A783E0057637D /* Frameworks */ = {
			isa = PBXFrameworksBuildPhase;
			buildActionMask = 2147483647;
			files = (
			);
			runOnlyForDeploymentPostprocessing = 0;
		};
		22CBE3FE2D7A783E0057637D /* Frameworks */ = {
			isa = PBXFrameworksBuildPhase;
			buildActionMask = 2147483647;
			files = (
			);
			runOnlyForDeploymentPostprocessing = 0;
		};
/* End PBXFrameworksBuildPhase section */

/* Begin PBXGroup section */
		22CBE3D92D7A783C0057637D = {
			isa = PBXGroup;
			children = (
				22CBE41E2D7A78BD0057637D /* Helpers */,
				22CBE41D2D7A78B90057637D /* Health */,
				22CBE4142D7A788F0057637D /* Data */,
				22CBE4152D7A78950057637D /* Models */,
				22CBE3E42D7A783C0057637D /* FitFlow */,
				22CBE3FA2D7A783E0057637D /* FitFlowTests */,
				22CBE4042D7A783E0057637D /* FitFlowUITests */,
				22CBE3E32D7A783C0057637D /* Products */,
				22CBE41A2D7A78AA0057637D /* ViewModels */,
				22CBE41C2D7A78B50057637D /* Views */,
			);
			sourceTree = "<group>";
		};
		22CBE3E32D7A783C0057637D /* Products */ = {
			isa = PBXGroup;
			children = (
				22CBE3E22D7A783C0057637D /* FitFlow.app */,
				22CBE3F72D7A783E0057637D /* FitFlowTests.xctest */,
				22CBE4012D7A783E0057637D /* FitFlowUITests.xctest */,
			);
			name = Products;
			sourceTree = "<group>";
		};
/* End PBXGroup section */

/* Begin PBXNativeTarget section */
		22CBE3E12D7A783C0057637D /* FitFlow */ = {
			isa = PBXNativeTarget;
			buildConfigurationList = 22CBE40B2D7A783E0057637D /* Build configuration list for PBXNativeTarget "FitFlow" */;
			buildPhases = (
				22CBE3DE2D7A783C0057637D /* Sources */,
				22CBE3DF2D7A783C0057637D /* Frameworks */,
				22CBE3E02D7A783C0057637D /* Resources */,
			);
			buildRules = (
			);
			dependencies = (
			);
			fileSystemSynchronizedGroups = (
				22CBE3E42D7A783C0057637D /* FitFlow */,
				22CBE4142D7A788F0057637D /* Data */,
				22CBE4152D7A78950057637D /* Models */,
				22CBE41A2D7A78AA0057637D /* ViewModels */,
				22CBE41C2D7A78B50057637D /* Views */,
				22CBE41D2D7A78B90057637D /* Health */,
				22CBE41E2D7A78BD0057637D /* Helpers */,
			);
			name = FitFlow;
			packageProductDependencies = (
			);
			productName = FitFlow;
			productReference = 22CBE3E22D7A783C0057637D /* FitFlow.app */;
			productType = "com.apple.product-type.application";
		};
		22CBE3F62D7A783E0057637D /* FitFlowTests */ = {
			isa = PBXNativeTarget;
			buildConfigurationList = 22CBE40E2D7A783E0057637D /* Build configuration list for PBXNativeTarget "FitFlowTests" */;
			buildPhases = (
				22CBE3F32D7A783E0057637D /* Sources */,
				22CBE3F42D7A783E0057637D /* Frameworks */,
				22CBE3F52D7A783E0057637D /* Resources */,
			);
			buildRules = (
			);
			dependencies = (
				22CBE3F92D7A783E0057637D /* PBXTargetDependency */,
			);
			fileSystemSynchronizedGroups = (
				22CBE3FA2D7A783E0057637D /* FitFlowTests */,
			);
			name = FitFlowTests;
			packageProductDependencies = (
			);
			productName = FitFlowTests;
			productReference = 22CBE3F72D7A783E0057637D /* FitFlowTests.xctest */;
			productType = "com.apple.product-type.bundle.unit-test";
		};
		22CBE4002D7A783E0057637D /* FitFlowUITests */ = {
			isa = PBXNativeTarget;
			buildConfigurationList = 22CBE4112D7A783E0057637D /* Build configuration list for PBXNativeTarget "FitFlowUITests" */;
			buildPhases = (
				22CBE3FD2D7A783E0057637D /* Sources */,
				22CBE3FE2D7A783E0057637D /* Frameworks */,
				22CBE3FF2D7A783E0057637D /* Resources */,
			);
			buildRules = (
			);
			dependencies = (
				22CBE4032D7A783E0057637D /* PBXTargetDependency */,
			);
			fileSystemSynchronizedGroups = (
				22CBE4042D7A783E0057637D /* FitFlowUITests */,
			);
			name = FitFlowUITests;
			packageProductDependencies = (
			);
			productName = FitFlowUITests;
			productReference = 22CBE4012D7A783E0057637D /* FitFlowUITests.xctest */;
			productType = "com.apple.product-type.bundle.ui-testing";
		};
/* End PBXNativeTarget section */

/* Begin PBXProject section */
		22CBE3DA2D7A783C0057637D /* Project object */ = {
			isa = PBXProject;
			attributes = {
				BuildIndependentTargetsInParallel = 1;
				LastSwiftUpdateCheck = 1620;
				LastUpgradeCheck = 1620;
				TargetAttributes = {
					22CBE3E12D7A783C0057637D = {
						CreatedOnToolsVersion = 16.2;
					};
					22CBE3F62D7A783E0057637D = {
						CreatedOnToolsVersion = 16.2;
						TestTargetID = 22CBE3E12D7A783C0057637D;
					};
					22CBE4002D7A783E0057637D = {
						CreatedOnToolsVersion = 16.2;
						TestTargetID = 22CBE3E12D7A783C0057637D;
					};
				};
			};
			buildConfigurationList = 22CBE3DD2D7A783C0057637D /* Build configuration list for PBXProject "FitFlow" */;
			developmentRegion = en;
			hasScannedForEncodings = 0;
			knownRegions = (
				en,
				Base,
			);
			mainGroup = 22CBE3D92D7A783C0057637D;
			minimizedProjectReferenceProxies = 1;
			preferredProjectObjectVersion = 77;
			productRefGroup = 22CBE3E32D7A783C0057637D /* Products */;
			projectDirPath = "";
			projectRoot = "";
			targets = (
				22CBE3E12D7A783C0057637D /* FitFlow */,
				22CBE3F62D7A783E0057637D /* FitFlowTests */,
				22CBE4002D7A783E0057637D /* FitFlowUITests */,
			);
		};
/* End PBXProject section */

/* Begin PBXResourcesBuildPhase section */
		22CBE3E02D7A783C0057637D /* Resources */ = {
			isa = PBXResourcesBuildPhase;
			buildActionMask = 2147483647;
			files = (
			);
			runOnlyForDeploymentPostprocessing = 0;
		};
		22CBE3F52D7A783E0057637D /* Resources */ = {
			isa = PBXResourcesBuildPhase;
			buildActionMask = 2147483647;
			files = (
			);
			runOnlyForDeploymentPostprocessing = 0;
		};
		22CBE3FF2D7A783E0057637D /* Resources */ = {
			isa = PBXResourcesBuildPhase;
			buildActionMask = 2147483647;
			files = (
			);
			runOnlyForDeploymentPostprocessing = 0;
		};
/* End PBXResourcesBuildPhase section */

/* Begin PBXSourcesBuildPhase section */
		22CBE3DE2D7A783C0057637D /* Sources */ = {
			isa = PBXSourcesBuildPhase;
			buildActionMask = 2147483647;
			files = (
			);
			runOnlyForDeploymentPostprocessing = 0;
		};
		22CBE3F32D7A783E0057637D /* Sources */ = {
			isa = PBXSourcesBuildPhase;
			buildActionMask = 2147483647;
			files = (
			);
			runOnlyForDeploymentPostprocessing = 0;
		};
		22CBE3FD2D7A783E0057637D /* Sources */ = {
			isa = PBXSourcesBuildPhase;
			buildActionMask = 2147483647;
			files = (
			);
			runOnlyForDeploymentPostprocessing = 0;
		};
/* End PBXSourcesBuildPhase section */

/* Begin PBXTargetDependency section */
		22CBE3F92D7A783E0057637D /* PBXTargetDependency */ = {
			isa = PBXTargetDependency;
			target = 22CBE3E12D7A783C0057637D /* FitFlow */;
			targetProxy = 22CBE3F82D7A783E0057637D /* PBXContainerItemProxy */;
		};
		22CBE4032D7A783E0057637D /* PBXTargetDependency */ = {
			isa = PBXTargetDependency;
			target = 22CBE3E12D7A783C0057637D /* FitFlow */;
			targetProxy = 22CBE4022D7A783E0057637D /* PBXContainerItemProxy */;
		};
/* End PBXTargetDependency section */

/* Begin XCBuildConfiguration section */
		22CBE4092D7A783E0057637D /* Debug */ = {
			isa = XCBuildConfiguration;
			buildSettings = {
				ALWAYS_SEARCH_USER_PATHS = NO;
				ASSETCATALOG_COMPILER_GENERATE_SWIFT_ASSET_SYMBOL_EXTENSIONS = YES;
				CLANG_ANALYZER_NONNULL = YES;
				CLANG_ANALYZER_NUMBER_OBJECT_CONVERSION = YES_AGGRESSIVE;
				CLANG_CXX_LANGUAGE_STANDARD = "gnu++20";
				CLANG_ENABLE_MODULES = YES;
				CLANG_ENABLE_OBJC_ARC = YES;
				CLANG_ENABLE_OBJC_WEAK = YES;
				CLANG_WARN_BLOCK_CAPTURE_AUTORELEASING = YES;
				CLANG_WARN_BOOL_CONVERSION = YES;
				CLANG_WARN_COMMA = YES;
				CLANG_WARN_CONSTANT_CONVERSION = YES;
				CLANG_WARN_DEPRECATED_OBJC_IMPLEMENTATIONS = YES;
				CLANG_WARN_DIRECT_OBJC_ISA_USAGE = YES_ERROR;
				CLANG_WARN_DOCUMENTATION_COMMENTS = YES;
				CLANG_WARN_EMPTY_BODY = YES;
				CLANG_WARN_ENUM_CONVERSION = YES;
				CLANG_WARN_INFINITE_RECURSION = YES;
				CLANG_WARN_INT_CONVERSION = YES;
				CLANG_WARN_NON_LITERAL_NULL_CONVERSION = YES;
				CLANG_WARN_OBJC_IMPLICIT_RETAIN_SELF = YES;
				CLANG_WARN_OBJC_LITERAL_CONVERSION = YES;
				CLANG_WARN_OBJC_ROOT_CLASS = YES_ERROR;
				CLANG_WARN_QUOTED_INCLUDE_IN_FRAMEWORK_HEADER = YES;
				CLANG_WARN_RANGE_LOOP_ANALYSIS = YES;
				CLANG_WARN_STRICT_PROTOTYPES = YES;
				CLANG_WARN_SUSPICIOUS_MOVE = YES;
				CLANG_WARN_UNGUARDED_AVAILABILITY = YES_AGGRESSIVE;
				CLANG_WARN_UNREACHABLE_CODE = YES;
				CLANG_WARN__DUPLICATE_METHOD_MATCH = YES;
				COPY_PHASE_STRIP = NO;
				DEBUG_INFORMATION_FORMAT = dwarf;
				ENABLE_STRICT_OBJC_MSGSEND = YES;
				ENABLE_TESTABILITY = YES;
				ENABLE_USER_SCRIPT_SANDBOXING = YES;
				GCC_C_LANGUAGE_STANDARD = gnu17;
				GCC_DYNAMIC_NO_PIC = NO;
				GCC_NO_COMMON_BLOCKS = YES;
				GCC_OPTIMIZATION_LEVEL = 0;
				GCC_PREPROCESSOR_DEFINITIONS = (
					"DEBUG=1",
					"$(inherited)",
				);
				GCC_WARN_64_TO_32_BIT_CONVERSION = YES;
				GCC_WARN_ABOUT_RETURN_TYPE = YES_ERROR;
				GCC_WARN_UNDECLARED_SELECTOR = YES;
				GCC_WARN_UNINITIALIZED_AUTOS = YES_AGGRESSIVE;
				GCC_WARN_UNUSED_FUNCTION = YES;
				GCC_WARN_UNUSED_VARIABLE = YES;
				IPHONEOS_DEPLOYMENT_TARGET = 18.2;
				LOCALIZATION_PREFERS_STRING_CATALOGS = YES;
				MTL_ENABLE_DEBUG_INFO = INCLUDE_SOURCE;
				MTL_FAST_MATH = YES;
				ONLY_ACTIVE_ARCH = YES;
				SDKROOT = iphoneos;
				SWIFT_ACTIVE_COMPILATION_CONDITIONS = "DEBUG $(inherited)";
				SWIFT_OPTIMIZATION_LEVEL = "-Onone";
			};
			name = Debug;
		};
		22CBE40A2D7A783E0057637D /* Release */ = {
			isa = XCBuildConfiguration;
			buildSettings = {
				ALWAYS_SEARCH_USER_PATHS = NO;
				ASSETCATALOG_COMPILER_GENERATE_SWIFT_ASSET_SYMBOL_EXTENSIONS = YES;
				CLANG_ANALYZER_NONNULL = YES;
				CLANG_ANALYZER_NUMBER_OBJECT_CONVERSION = YES_AGGRESSIVE;
				CLANG_CXX_LANGUAGE_STANDARD = "gnu++20";
				CLANG_ENABLE_MODULES = YES;
				CLANG_ENABLE_OBJC_ARC = YES;
				CLANG_ENABLE_OBJC_WEAK = YES;
				CLANG_WARN_BLOCK_CAPTURE_AUTORELEASING = YES;
				CLANG_WARN_BOOL_CONVERSION = YES;
				CLANG_WARN_COMMA = YES;
				CLANG_WARN_CONSTANT_CONVERSION = YES;
				CLANG_WARN_DEPRECATED_OBJC_IMPLEMENTATIONS = YES;
				CLANG_WARN_DIRECT_OBJC_ISA_USAGE = YES_ERROR;
				CLANG_WARN_DOCUMENTATION_COMMENTS = YES;
				CLANG_WARN_EMPTY_BODY = YES;
				CLANG_WARN_ENUM_CONVERSION = YES;
				CLANG_WARN_INFINITE_RECURSION = YES;
				CLANG_WARN_INT_CONVERSION = YES;
				CLANG_WARN_NON_LITERAL_NULL_CONVERSION = YES;
				CLANG_WARN_OBJC_IMPLICIT_RETAIN_SELF = YES;
				CLANG_WARN_OBJC_LITERAL_CONVERSION = YES;
				CLANG_WARN_OBJC_ROOT_CLASS = YES_ERROR;
				CLANG_WARN_QUOTED_INCLUDE_IN_FRAMEWORK_HEADER = YES;
				CLANG_WARN_RANGE_LOOP_ANALYSIS = YES;
				CLANG_WARN_STRICT_PROTOTYPES = YES;
				CLANG_WARN_SUSPICIOUS_MOVE = YES;
				CLANG_WARN_UNGUARDED_AVAILABILITY = YES_AGGRESSIVE;
				CLANG_WARN_UNREACHABLE_CODE = YES;
				CLANG_WARN__DUPLICATE_METHOD_MATCH = YES;
				COPY_PHASE_STRIP = NO;
				DEBUG_INFORMATION_FORMAT = "dwarf-with-dsym";
				ENABLE_NS_ASSERTIONS = NO;
				ENABLE_STRICT_OBJC_MSGSEND = YES;
				ENABLE_USER_SCRIPT_SANDBOXING = YES;
				GCC_C_LANGUAGE_STANDARD = gnu17;
				GCC_NO_COMMON_BLOCKS = YES;
				GCC_WARN_64_TO_32_BIT_CONVERSION = YES;
				GCC_WARN_ABOUT_RETURN_TYPE = YES_ERROR;
				GCC_WARN_UNDECLARED_SELECTOR = YES;
				GCC_WARN_UNINITIALIZED_AUTOS = YES_AGGRESSIVE;
				GCC_WARN_UNUSED_FUNCTION = YES;
				GCC_WARN_UNUSED_VARIABLE = YES;
				IPHONEOS_DEPLOYMENT_TARGET = 18.2;
				LOCALIZATION_PREFERS_STRING_CATALOGS = YES;
				MTL_ENABLE_DEBUG_INFO = NO;
				MTL_FAST_MATH = YES;
				SDKROOT = iphoneos;
				SWIFT_COMPILATION_MODE = wholemodule;
				VALIDATE_PRODUCT = YES;
			};
			name = Release;
		};
		22CBE40C2D7A783E0057637D /* Debug */ = {
			isa = XCBuildConfiguration;
			buildSettings = {
				ASSETCATALOG_COMPILER_APPICON_NAME = AppIcon;
				ASSETCATALOG_COMPILER_GLOBAL_ACCENT_COLOR_NAME = AccentColor;
				CODE_SIGN_ENTITLEMENTS = FitFlow/FitFlow.entitlements;
				CODE_SIGN_STYLE = Automatic;
				CURRENT_PROJECT_VERSION = 1;
				DEVELOPMENT_ASSET_PATHS = "\"FitFlow/Preview Content\"";
				DEVELOPMENT_TEAM = 296C6WB4HS;
				ENABLE_PREVIEWS = YES;
				GENERATE_INFOPLIST_FILE = YES;
				INFOPLIST_FILE = FitFlow/Info.plist;
				INFOPLIST_KEY_LSApplicationCategoryType = "public.app-category.healthcare-fitness";
				INFOPLIST_KEY_UIApplicationSceneManifest_Generation = YES;
				INFOPLIST_KEY_UIApplicationSupportsIndirectInputEvents = YES;
				INFOPLIST_KEY_UILaunchScreen_Generation = YES;
				INFOPLIST_KEY_UISupportedInterfaceOrientations_iPad = "UIInterfaceOrientationPortrait UIInterfaceOrientationPortraitUpsideDown UIInterfaceOrientationLandscapeLeft UIInterfaceOrientationLandscapeRight";
				INFOPLIST_KEY_UISupportedInterfaceOrientations_iPhone = "UIInterfaceOrientationPortrait UIInterfaceOrientationLandscapeLeft UIInterfaceOrientationLandscapeRight";
				LD_RUNPATH_SEARCH_PATHS = (
					"$(inherited)",
					"@executable_path/Frameworks",
				);
				MARKETING_VERSION = 1.0;
				PRODUCT_BUNDLE_IDENTIFIER = A33.FitFlow;
				PRODUCT_NAME = "$(TARGET_NAME)";
				SUPPORTED_PLATFORMS = "iphoneos iphonesimulator";
				SUPPORTS_MACCATALYST = NO;
				SUPPORTS_MAC_DESIGNED_FOR_IPHONE_IPAD = NO;
				SUPPORTS_XR_DESIGNED_FOR_IPHONE_IPAD = NO;
				SWIFT_EMIT_LOC_STRINGS = YES;
				SWIFT_VERSION = 5.0;
				TARGETED_DEVICE_FAMILY = 1;
			};
			name = Debug;
		};
		22CBE40D2D7A783E0057637D /* Release */ = {
			isa = XCBuildConfiguration;
			buildSettings = {
				ASSETCATALOG_COMPILER_APPICON_NAME = AppIcon;
				ASSETCATALOG_COMPILER_GLOBAL_ACCENT_COLOR_NAME = AccentColor;
				CODE_SIGN_ENTITLEMENTS = FitFlow/FitFlow.entitlements;
				CODE_SIGN_STYLE = Automatic;
				CURRENT_PROJECT_VERSION = 1;
				DEVELOPMENT_ASSET_PATHS = "\"FitFlow/Preview Content\"";
				DEVELOPMENT_TEAM = 296C6WB4HS;
				ENABLE_PREVIEWS = YES;
				GENERATE_INFOPLIST_FILE = YES;
				INFOPLIST_FILE = FitFlow/Info.plist;
				INFOPLIST_KEY_LSApplicationCategoryType = "public.app-category.healthcare-fitness";
				INFOPLIST_KEY_UIApplicationSceneManifest_Generation = YES;
				INFOPLIST_KEY_UIApplicationSupportsIndirectInputEvents = YES;
				INFOPLIST_KEY_UILaunchScreen_Generation = YES;
				INFOPLIST_KEY_UISupportedInterfaceOrientations_iPad = "UIInterfaceOrientationPortrait UIInterfaceOrientationPortraitUpsideDown UIInterfaceOrientationLandscapeLeft UIInterfaceOrientationLandscapeRight";
				INFOPLIST_KEY_UISupportedInterfaceOrientations_iPhone = "UIInterfaceOrientationPortrait UIInterfaceOrientationLandscapeLeft UIInterfaceOrientationLandscapeRight";
				LD_RUNPATH_SEARCH_PATHS = (
					"$(inherited)",
					"@executable_path/Frameworks",
				);
				MARKETING_VERSION = 1.0;
				PRODUCT_BUNDLE_IDENTIFIER = A33.FitFlow;
				PRODUCT_NAME = "$(TARGET_NAME)";
				SUPPORTED_PLATFORMS = "iphoneos iphonesimulator";
				SUPPORTS_MACCATALYST = NO;
				SUPPORTS_MAC_DESIGNED_FOR_IPHONE_IPAD = NO;
				SUPPORTS_XR_DESIGNED_FOR_IPHONE_IPAD = NO;
				SWIFT_EMIT_LOC_STRINGS = YES;
				SWIFT_VERSION = 5.0;
				TARGETED_DEVICE_FAMILY = 1;
			};
			name = Release;
		};
		22CBE40F2D7A783E0057637D /* Debug */ = {
			isa = XCBuildConfiguration;
			buildSettings = {
				BUNDLE_LOADER = "$(TEST_HOST)";
				CODE_SIGN_STYLE = Automatic;
				CURRENT_PROJECT_VERSION = 1;
				DEVELOPMENT_TEAM = 296C6WB4HS;
				GENERATE_INFOPLIST_FILE = YES;
				IPHONEOS_DEPLOYMENT_TARGET = 18.2;
				MARKETING_VERSION = 1.0;
				PRODUCT_BUNDLE_IDENTIFIER = A33.FitFlowTests;
				PRODUCT_NAME = "$(TARGET_NAME)";
				SWIFT_EMIT_LOC_STRINGS = NO;
				SWIFT_VERSION = 5.0;
				TARGETED_DEVICE_FAMILY = "1,2";
				TEST_HOST = "$(BUILT_PRODUCTS_DIR)/FitFlow.app/$(BUNDLE_EXECUTABLE_FOLDER_PATH)/FitFlow";
			};
			name = Debug;
		};
		22CBE4102D7A783E0057637D /* Release */ = {
			isa = XCBuildConfiguration;
			buildSettings = {
				BUNDLE_LOADER = "$(TEST_HOST)";
				CODE_SIGN_STYLE = Automatic;
				CURRENT_PROJECT_VERSION = 1;
				DEVELOPMENT_TEAM = 296C6WB4HS;
				GENERATE_INFOPLIST_FILE = YES;
				IPHONEOS_DEPLOYMENT_TARGET = 18.2;
				MARKETING_VERSION = 1.0;
				PRODUCT_BUNDLE_IDENTIFIER = A33.FitFlowTests;
				PRODUCT_NAME = "$(TARGET_NAME)";
				SWIFT_EMIT_LOC_STRINGS = NO;
				SWIFT_VERSION = 5.0;
				TARGETED_DEVICE_FAMILY = "1,2";
				TEST_HOST = "$(BUILT_PRODUCTS_DIR)/FitFlow.app/$(BUNDLE_EXECUTABLE_FOLDER_PATH)/FitFlow";
			};
			name = Release;
		};
		22CBE4122D7A783E0057637D /* Debug */ = {
			isa = XCBuildConfiguration;
			buildSettings = {
				CODE_SIGN_STYLE = Automatic;
				CURRENT_PROJECT_VERSION = 1;
				DEVELOPMENT_TEAM = 296C6WB4HS;
				GENERATE_INFOPLIST_FILE = YES;
				MARKETING_VERSION = 1.0;
				PRODUCT_BUNDLE_IDENTIFIER = A33.FitFlowUITests;
				PRODUCT_NAME = "$(TARGET_NAME)";
				SWIFT_EMIT_LOC_STRINGS = NO;
				SWIFT_VERSION = 5.0;
				TARGETED_DEVICE_FAMILY = "1,2";
				TEST_TARGET_NAME = FitFlow;
			};
			name = Debug;
		};
		22CBE4132D7A783E0057637D /* Release */ = {
			isa = XCBuildConfiguration;
			buildSettings = {
				CODE_SIGN_STYLE = Automatic;
				CURRENT_PROJECT_VERSION = 1;
				DEVELOPMENT_TEAM = 296C6WB4HS;
				GENERATE_INFOPLIST_FILE = YES;
				MARKETING_VERSION = 1.0;
				PRODUCT_BUNDLE_IDENTIFIER = A33.FitFlowUITests;
				PRODUCT_NAME = "$(TARGET_NAME)";
				SWIFT_EMIT_LOC_STRINGS = NO;
				SWIFT_VERSION = 5.0;
				TARGETED_DEVICE_FAMILY = "1,2";
				TEST_TARGET_NAME = FitFlow;
			};
			name = Release;
		};
/* End XCBuildConfiguration section */

/* Begin XCConfigurationList section */
		22CBE3DD2D7A783C0057637D /* Build configuration list for PBXProject "FitFlow" */ = {
			isa = XCConfigurationList;
			buildConfigurations = (
				22CBE4092D7A783E0057637D /* Debug */,
				22CBE40A2D7A783E0057637D /* Release */,
			);
			defaultConfigurationIsVisible = 0;
			defaultConfigurationName = Release;
		};
		22CBE40B2D7A783E0057637D /* Build configuration list for PBXNativeTarget "FitFlow" */ = {
			isa = XCConfigurationList;
			buildConfigurations = (
				22CBE40C2D7A783E0057637D /* Debug */,
				22CBE40D2D7A783E0057637D /* Release */,
			);
			defaultConfigurationIsVisible = 0;
			defaultConfigurationName = Release;
		};
		22CBE40E2D7A783E0057637D /* Build configuration list for PBXNativeTarget "FitFlowTests" */ = {
			isa = XCConfigurationList;
			buildConfigurations = (
				22CBE40F2D7A783E0057637D /* Debug */,
				22CBE4102D7A783E0057637D /* Release */,
			);
			defaultConfigurationIsVisible = 0;
			defaultConfigurationName = Release;
		};
		22CBE4112D7A783E0057637D /* Build configuration list for PBXNativeTarget "FitFlowUITests" */ = {
			isa = XCConfigurationList;
			buildConfigurations = (
				22CBE4122D7A783E0057637D /* Debug */,
				22CBE4132D7A783E0057637D /* Release */,
			);
			defaultConfigurationIsVisible = 0;
			defaultConfigurationName = Release;
		};
/* End XCConfigurationList section */
	};
	rootObject = 22CBE3DA2D7A783C0057637D /* Project object */;
}
